<?xml version="1.0" encoding="UTF-8"?>
<!DOCTYPE plist PUBLIC "-//Apple//DTD PLIST 1.0//EN" "http://www.apple.com/DTDs/PropertyList-1.0.dtd">
<plist version="1.0">
<dict>
	<key>archiveVersion</key>
	<string>1</string>
	<key>classes</key>
	<dict/>
	<key>objectVersion</key>
	<string>46</string>
	<key>objects</key>
	<dict>
		<key>12D1821EEE5F4F70876BE446</key>
		<dict>
			<key>isa</key>
			<string>PBXFileReference</string>
			<key>lastKnownFileType</key>
			<string>text.xcconfig</string>
			<key>name</key>
			<string>Pods.xcconfig</string>
			<key>path</key>
			<string>Pods/Pods.xcconfig</string>
			<key>sourceTree</key>
			<string>SOURCE_ROOT</string>
		</dict>
		<key>6975350FD53741AAAB6C8381</key>
		<dict>
			<key>explicitFileType</key>
			<string>archive.ar</string>
			<key>includeInIndex</key>
			<string>0</string>
			<key>isa</key>
			<string>PBXFileReference</string>
			<key>name</key>
			<string>libPods.a</string>
			<key>path</key>
			<string>libPods.a</string>
			<key>sourceTree</key>
			<string>BUILT_PRODUCTS_DIR</string>
		</dict>
		<key>81B6650928344223836D5B2A</key>
		<dict>
			<key>fileRef</key>
			<string>6975350FD53741AAAB6C8381</string>
			<key>isa</key>
			<string>PBXBuildFile</string>
		</dict>
		<key>9016EF1A155CA3E50040E9D1</key>
		<dict>
			<key>children</key>
			<array>
				<string>9016EF2F155CA3E50040E9D1</string>
				<string>9016EF28155CA3E50040E9D1</string>
				<string>9016EF26155CA3E50040E9D1</string>
				<string>12D1821EEE5F4F70876BE446</string>
			</array>
			<key>isa</key>
			<string>PBXGroup</string>
			<key>sourceTree</key>
			<string>&lt;group&gt;</string>
		</dict>
		<key>9016EF1C155CA3E50040E9D1</key>
		<dict>
			<key>attributes</key>
			<dict>
				<key>CLASSPREFIX</key>
				<string>AL</string>
				<key>LastUpgradeCheck</key>
				<string>0430</string>
			</dict>
			<key>buildConfigurationList</key>
			<string>9016EF1F155CA3E50040E9D1</string>
			<key>compatibilityVersion</key>
			<string>Xcode 3.2</string>
			<key>developmentRegion</key>
			<string>English</string>
			<key>hasScannedForEncodings</key>
			<string>0</string>
			<key>isa</key>
			<string>PBXProject</string>
			<key>knownRegions</key>
			<array>
				<string>en</string>
			</array>
			<key>mainGroup</key>
			<string>9016EF1A155CA3E50040E9D1</string>
			<key>productRefGroup</key>
			<string>9016EF26155CA3E50040E9D1</string>
			<key>projectDirPath</key>
			<string></string>
			<key>projectRoot</key>
			<string></string>
			<key>targets</key>
			<array>
				<string>9016EF24155CA3E50040E9D1</string>
			</array>
		</dict>
		<key>9016EF1F155CA3E50040E9D1</key>
		<dict>
			<key>buildConfigurations</key>
			<array>
				<string>9016EF41155CA3E50040E9D1</string>
				<string>9016EF42155CA3E50040E9D1</string>
			</array>
			<key>defaultConfigurationIsVisible</key>
			<string>0</string>
			<key>defaultConfigurationName</key>
			<string>Release</string>
			<key>isa</key>
			<string>XCConfigurationList</string>
		</dict>
		<key>9016EF21155CA3E50040E9D1</key>
		<dict>
			<key>buildActionMask</key>
			<string>2147483647</string>
			<key>files</key>
			<array>
				<string>9016EF36155CA3E50040E9D1</string>
				<string>9016EF3A155CA3E50040E9D1</string>
				<string>9016EF40155CA3E50040E9D1</string>
			</array>
			<key>isa</key>
			<string>PBXSourcesBuildPhase</string>
			<key>runOnlyForDeploymentPostprocessing</key>
			<string>0</string>
		</dict>
		<key>9016EF22155CA3E50040E9D1</key>
		<dict>
			<key>buildActionMask</key>
			<string>2147483647</string>
			<key>files</key>
			<array>
				<string>9016EF2A155CA3E50040E9D1</string>
				<string>9016EF2C155CA3E50040E9D1</string>
				<string>9016EF2E155CA3E50040E9D1</string>
				<string>81B6650928344223836D5B2A</string>
			</array>
			<key>isa</key>
			<string>PBXFrameworksBuildPhase</string>
			<key>runOnlyForDeploymentPostprocessing</key>
			<string>0</string>
		</dict>
		<key>9016EF23155CA3E50040E9D1</key>
		<dict>
			<key>buildActionMask</key>
			<string>2147483647</string>
			<key>files</key>
			<array>
				<string>9016EF34155CA3E50040E9D1</string>
				<string>9016EF3D155CA3E50040E9D1</string>
			</array>
			<key>isa</key>
			<string>PBXResourcesBuildPhase</string>
			<key>runOnlyForDeploymentPostprocessing</key>
			<string>0</string>
		</dict>
		<key>9016EF24155CA3E50040E9D1</key>
		<dict>
			<key>buildConfigurationList</key>
			<string>9016EF43155CA3E50040E9D1</string>
			<key>buildPhases</key>
			<array>
				<string>9016EF21155CA3E50040E9D1</string>
				<string>9016EF22155CA3E50040E9D1</string>
				<string>9016EF23155CA3E50040E9D1</string>
				<string>DF761D7407B848BC94D856E4</string>
			</array>
			<key>buildRules</key>
			<array/>
			<key>dependencies</key>
			<array/>
			<key>isa</key>
			<string>PBXNativeTarget</string>
			<key>name</key>
			<string>FacebookSample</string>
			<key>productName</key>
			<string>FacebookSample</string>
			<key>productReference</key>
			<string>9016EF25155CA3E50040E9D1</string>
			<key>productType</key>
			<string>com.apple.product-type.application</string>
		</dict>
		<key>9016EF25155CA3E50040E9D1</key>
		<dict>
			<key>explicitFileType</key>
			<string>wrapper.application</string>
			<key>includeInIndex</key>
			<string>0</string>
			<key>isa</key>
			<string>PBXFileReference</string>
			<key>name</key>
			<string>FacebookSample.app</string>
			<key>path</key>
			<string>FacebookSample.app</string>
			<key>sourceTree</key>
			<string>BUILT_PRODUCTS_DIR</string>
		</dict>
		<key>9016EF26155CA3E50040E9D1</key>
		<dict>
			<key>children</key>
			<array>
				<string>9016EF25155CA3E50040E9D1</string>
			</array>
			<key>isa</key>
			<string>PBXGroup</string>
			<key>name</key>
			<string>Products</string>
			<key>sourceTree</key>
			<string>&lt;group&gt;</string>
		</dict>
		<key>9016EF28155CA3E50040E9D1</key>
		<dict>
			<key>children</key>
			<array>
				<string>9016EF29155CA3E50040E9D1</string>
				<string>9016EF2B155CA3E50040E9D1</string>
				<string>9016EF2D155CA3E50040E9D1</string>
				<string>6975350FD53741AAAB6C8381</string>
			</array>
			<key>isa</key>
			<string>PBXGroup</string>
			<key>name</key>
			<string>Frameworks</string>
			<key>sourceTree</key>
			<string>&lt;group&gt;</string>
		</dict>
		<key>9016EF29155CA3E50040E9D1</key>
		<dict>
			<key>isa</key>
			<string>PBXFileReference</string>
			<key>lastKnownFileType</key>
			<string>wrapper.framework</string>
			<key>name</key>
			<string>UIKit.framework</string>
			<key>path</key>
			<string>System/Library/Frameworks/UIKit.framework</string>
			<key>sourceTree</key>
			<string>SDKROOT</string>
		</dict>
		<key>9016EF2A155CA3E50040E9D1</key>
		<dict>
			<key>fileRef</key>
			<string>9016EF29155CA3E50040E9D1</string>
			<key>isa</key>
			<string>PBXBuildFile</string>
		</dict>
		<key>9016EF2B155CA3E50040E9D1</key>
		<dict>
			<key>isa</key>
			<string>PBXFileReference</string>
			<key>lastKnownFileType</key>
			<string>wrapper.framework</string>
			<key>name</key>
			<string>Foundation.framework</string>
			<key>path</key>
			<string>System/Library/Frameworks/Foundation.framework</string>
			<key>sourceTree</key>
			<string>SDKROOT</string>
		</dict>
		<key>9016EF2C155CA3E50040E9D1</key>
		<dict>
			<key>fileRef</key>
			<string>9016EF2B155CA3E50040E9D1</string>
			<key>isa</key>
			<string>PBXBuildFile</string>
		</dict>
		<key>9016EF2D155CA3E50040E9D1</key>
		<dict>
			<key>isa</key>
			<string>PBXFileReference</string>
			<key>lastKnownFileType</key>
			<string>wrapper.framework</string>
			<key>name</key>
			<string>CoreGraphics.framework</string>
			<key>path</key>
			<string>System/Library/Frameworks/CoreGraphics.framework</string>
			<key>sourceTree</key>
			<string>SDKROOT</string>
		</dict>
		<key>9016EF2E155CA3E50040E9D1</key>
		<dict>
			<key>fileRef</key>
			<string>9016EF2D155CA3E50040E9D1</string>
			<key>isa</key>
			<string>PBXBuildFile</string>
		</dict>
		<key>9016EF2F155CA3E50040E9D1</key>
		<dict>
			<key>children</key>
			<array>
				<string>9016EF38155CA3E50040E9D1</string>
				<string>9016EF39155CA3E50040E9D1</string>
				<string>9016EF3B155CA3E50040E9D1</string>
				<string>9016EF3E155CA3E50040E9D1</string>
				<string>9016EF3F155CA3E50040E9D1</string>
				<string>9016EF30155CA3E50040E9D1</string>
			</array>
			<key>isa</key>
			<string>PBXGroup</string>
			<key>path</key>
			<string>FacebookSample</string>
			<key>sourceTree</key>
			<string>&lt;group&gt;</string>
		</dict>
		<key>9016EF30155CA3E50040E9D1</key>
		<dict>
			<key>children</key>
			<array>
				<string>9016EF31155CA3E50040E9D1</string>
				<string>9016EF32155CA3E50040E9D1</string>
				<string>9016EF35155CA3E50040E9D1</string>
				<string>9016EF37155CA3E50040E9D1</string>
			</array>
			<key>isa</key>
			<string>PBXGroup</string>
			<key>name</key>
			<string>Supporting Files</string>
			<key>sourceTree</key>
			<string>&lt;group&gt;</string>
		</dict>
		<key>9016EF31155CA3E50040E9D1</key>
		<dict>
			<key>isa</key>
			<string>PBXFileReference</string>
			<key>lastKnownFileType</key>
			<string>text.plist.xml</string>
			<key>name</key>
			<string>FacebookSample-Info.plist</string>
			<key>path</key>
			<string>FacebookSample-Info.plist</string>
			<key>sourceTree</key>
			<string>&lt;group&gt;</string>
		</dict>
		<key>9016EF32155CA3E50040E9D1</key>
		<dict>
			<key>children</key>
			<array>
				<string>9016EF33155CA3E50040E9D1</string>
			</array>
			<key>isa</key>
			<string>PBXVariantGroup</string>
			<key>name</key>
			<string>InfoPlist.strings</string>
			<key>sourceTree</key>
			<string>&lt;group&gt;</string>
		</dict>
		<key>9016EF33155CA3E50040E9D1</key>
		<dict>
			<key>isa</key>
			<string>PBXFileReference</string>
			<key>lastKnownFileType</key>
			<string>text.plist.strings</string>
			<key>name</key>
			<string>en</string>
			<key>path</key>
			<string>en.lproj/InfoPlist.strings</string>
			<key>sourceTree</key>
			<string>&lt;group&gt;</string>
		</dict>
		<key>9016EF34155CA3E50040E9D1</key>
		<dict>
			<key>fileRef</key>
			<string>9016EF32155CA3E50040E9D1</string>
			<key>isa</key>
			<string>PBXBuildFile</string>
		</dict>
		<key>9016EF35155CA3E50040E9D1</key>
		<dict>
			<key>isa</key>
			<string>PBXFileReference</string>
			<key>lastKnownFileType</key>
			<string>sourcecode.c.objc</string>
			<key>name</key>
			<string>main.m</string>
			<key>path</key>
			<string>main.m</string>
			<key>sourceTree</key>
			<string>&lt;group&gt;</string>
		</dict>
		<key>9016EF36155CA3E50040E9D1</key>
		<dict>
			<key>fileRef</key>
			<string>9016EF35155CA3E50040E9D1</string>
			<key>isa</key>
			<string>PBXBuildFile</string>
		</dict>
		<key>9016EF37155CA3E50040E9D1</key>
		<dict>
			<key>isa</key>
			<string>PBXFileReference</string>
			<key>lastKnownFileType</key>
			<string>sourcecode.c.h</string>
			<key>name</key>
			<string>FacebookSample-Prefix.pch</string>
			<key>path</key>
			<string>FacebookSample-Prefix.pch</string>
			<key>sourceTree</key>
			<string>&lt;group&gt;</string>
		</dict>
		<key>9016EF38155CA3E50040E9D1</key>
		<dict>
			<key>isa</key>
			<string>PBXFileReference</string>
			<key>lastKnownFileType</key>
			<string>sourcecode.c.h</string>
			<key>name</key>
			<string>ALAppDelegate.h</string>
			<key>path</key>
			<string>ALAppDelegate.h</string>
			<key>sourceTree</key>
			<string>&lt;group&gt;</string>
		</dict>
		<key>9016EF39155CA3E50040E9D1</key>
		<dict>
			<key>isa</key>
			<string>PBXFileReference</string>
			<key>lastKnownFileType</key>
			<string>sourcecode.c.objc</string>
			<key>name</key>
			<string>ALAppDelegate.m</string>
			<key>path</key>
			<string>ALAppDelegate.m</string>
			<key>sourceTree</key>
			<string>&lt;group&gt;</string>
		</dict>
		<key>9016EF3A155CA3E50040E9D1</key>
		<dict>
			<key>fileRef</key>
			<string>9016EF39155CA3E50040E9D1</string>
			<key>isa</key>
			<string>PBXBuildFile</string>
		</dict>
		<key>9016EF3B155CA3E50040E9D1</key>
		<dict>
			<key>children</key>
			<array>
				<string>9016EF3C155CA3E50040E9D1</string>
			</array>
			<key>isa</key>
			<string>PBXVariantGroup</string>
			<key>name</key>
			<string>MainStoryboard.storyboard</string>
			<key>sourceTree</key>
			<string>&lt;group&gt;</string>
		</dict>
		<key>9016EF3C155CA3E50040E9D1</key>
		<dict>
			<key>isa</key>
			<string>PBXFileReference</string>
			<key>lastKnownFileType</key>
			<string>file.storyboard</string>
			<key>name</key>
			<string>en</string>
			<key>path</key>
			<string>en.lproj/MainStoryboard.storyboard</string>
			<key>sourceTree</key>
			<string>&lt;group&gt;</string>
		</dict>
		<key>9016EF3D155CA3E50040E9D1</key>
		<dict>
			<key>fileRef</key>
			<string>9016EF3B155CA3E50040E9D1</string>
			<key>isa</key>
			<string>PBXBuildFile</string>
		</dict>
		<key>9016EF3E155CA3E50040E9D1</key>
		<dict>
			<key>isa</key>
			<string>PBXFileReference</string>
			<key>lastKnownFileType</key>
			<string>sourcecode.c.h</string>
			<key>name</key>
			<string>ALViewController.h</string>
			<key>path</key>
			<string>ALViewController.h</string>
			<key>sourceTree</key>
			<string>&lt;group&gt;</string>
		</dict>
		<key>9016EF3F155CA3E50040E9D1</key>
		<dict>
			<key>isa</key>
			<string>PBXFileReference</string>
			<key>lastKnownFileType</key>
			<string>sourcecode.c.objc</string>
			<key>name</key>
			<string>ALViewController.m</string>
			<key>path</key>
			<string>ALViewController.m</string>
			<key>sourceTree</key>
			<string>&lt;group&gt;</string>
		</dict>
		<key>9016EF40155CA3E50040E9D1</key>
		<dict>
			<key>fileRef</key>
			<string>9016EF3F155CA3E50040E9D1</string>
			<key>isa</key>
			<string>PBXBuildFile</string>
		</dict>
		<key>9016EF41155CA3E50040E9D1</key>
		<dict>
			<key>buildSettings</key>
			<dict>
				<key>ALWAYS_SEARCH_USER_PATHS</key>
				<string>NO</string>
				<key>ARCHS</key>
				<string>$(ARCHS_STANDARD_32_BIT)</string>
				<key>CLANG_ENABLE_OBJC_ARC</key>
				<string>YES</string>
				<key>CODE_SIGN_IDENTITY[sdk=iphoneos*]</key>
				<string>iPhone Developer</string>
				<key>COPY_PHASE_STRIP</key>
				<string>NO</string>
				<key>GCC_C_LANGUAGE_STANDARD</key>
				<string>gnu99</string>
				<key>GCC_DYNAMIC_NO_PIC</key>
				<string>NO</string>
				<key>GCC_OPTIMIZATION_LEVEL</key>
				<string>0</string>
				<key>GCC_PREPROCESSOR_DEFINITIONS</key>
				<array>
					<string>DEBUG=1</string>
					<string>$(inherited)</string>
				</array>
				<key>GCC_SYMBOLS_PRIVATE_EXTERN</key>
				<string>NO</string>
				<key>GCC_VERSION</key>
				<string>com.apple.compilers.llvm.clang.1_0</string>
				<key>GCC_WARN_ABOUT_RETURN_TYPE</key>
				<string>YES</string>
				<key>GCC_WARN_UNINITIALIZED_AUTOS</key>
				<string>YES</string>
				<key>GCC_WARN_UNUSED_VARIABLE</key>
				<string>YES</string>
				<key>IPHONEOS_DEPLOYMENT_TARGET</key>
				<string>5.1</string>
				<key>SDKROOT</key>
				<string>iphoneos</string>
			</dict>
			<key>isa</key>
			<string>XCBuildConfiguration</string>
			<key>name</key>
			<string>Debug</string>
		</dict>
		<key>9016EF42155CA3E50040E9D1</key>
		<dict>
			<key>buildSettings</key>
			<dict>
				<key>ALWAYS_SEARCH_USER_PATHS</key>
				<string>NO</string>
				<key>ARCHS</key>
				<string>$(ARCHS_STANDARD_32_BIT)</string>
				<key>CLANG_ENABLE_OBJC_ARC</key>
				<string>YES</string>
				<key>CODE_SIGN_IDENTITY[sdk=iphoneos*]</key>
				<string>iPhone Developer</string>
				<key>COPY_PHASE_STRIP</key>
				<string>YES</string>
				<key>GCC_C_LANGUAGE_STANDARD</key>
				<string>gnu99</string>
				<key>GCC_VERSION</key>
				<string>com.apple.compilers.llvm.clang.1_0</string>
				<key>GCC_WARN_ABOUT_RETURN_TYPE</key>
				<string>YES</string>
				<key>GCC_WARN_UNINITIALIZED_AUTOS</key>
				<string>YES</string>
				<key>GCC_WARN_UNUSED_VARIABLE</key>
				<string>YES</string>
				<key>IPHONEOS_DEPLOYMENT_TARGET</key>
				<string>5.1</string>
				<key>OTHER_CFLAGS</key>
				<string>-DNS_BLOCK_ASSERTIONS=1</string>
				<key>SDKROOT</key>
				<string>iphoneos</string>
				<key>VALIDATE_PRODUCT</key>
				<string>YES</string>
			</dict>
			<key>isa</key>
			<string>XCBuildConfiguration</string>
			<key>name</key>
			<string>Release</string>
		</dict>
		<key>9016EF43155CA3E50040E9D1</key>
		<dict>
			<key>buildConfigurations</key>
			<array>
				<string>9016EF44155CA3E50040E9D1</string>
				<string>9016EF45155CA3E50040E9D1</string>
			</array>
			<key>defaultConfigurationIsVisible</key>
			<string>0</string>
			<key>isa</key>
			<string>XCConfigurationList</string>
		</dict>
		<key>9016EF44155CA3E50040E9D1</key>
		<dict>
			<key>baseConfigurationReference</key>
			<string>12D1821EEE5F4F70876BE446</string>
			<key>buildSettings</key>
			<dict>
				<key>DSTROOT</key>
				<string>/tmp/xcodeproj.dst</string>
				<key>GCC_PRECOMPILE_PREFIX_HEADER</key>
				<string>YES</string>
				<key>GCC_PREFIX_HEADER</key>
				<string>FacebookSample/FacebookSample-Prefix.pch</string>
				<key>GCC_VERSION</key>
				<string>com.apple.compilers.llvm.clang.1_0</string>
				<key>INFOPLIST_FILE</key>
				<string>FacebookSample/FacebookSample-Info.plist</string>
				<key>PRODUCT_NAME</key>
				<string>$(TARGET_NAME)</string>
				<key>SKIP_INSTALL</key>
				<string>YES</string>
				<key>WRAPPER_EXTENSION</key>
				<string>app</string>
			</dict>
			<key>isa</key>
			<string>XCBuildConfiguration</string>
			<key>name</key>
			<string>Debug</string>
		</dict>
		<key>9016EF45155CA3E50040E9D1</key>
		<dict>
			<key>baseConfigurationReference</key>
			<string>12D1821EEE5F4F70876BE446</string>
			<key>buildSettings</key>
			<dict>
				<key>DSTROOT</key>
				<string>/tmp/xcodeproj.dst</string>
				<key>GCC_PRECOMPILE_PREFIX_HEADER</key>
				<string>YES</string>
				<key>GCC_PREFIX_HEADER</key>
				<string>FacebookSample/FacebookSample-Prefix.pch</string>
				<key>GCC_VERSION</key>
				<string>com.apple.compilers.llvm.clang.1_0</string>
				<key>INFOPLIST_FILE</key>
				<string>FacebookSample/FacebookSample-Info.plist</string>
				<key>PRODUCT_NAME</key>
				<string>$(TARGET_NAME)</string>
				<key>SKIP_INSTALL</key>
				<string>YES</string>
				<key>WRAPPER_EXTENSION</key>
				<string>app</string>
			</dict>
			<key>isa</key>
			<string>XCBuildConfiguration</string>
			<key>name</key>
			<string>Release</string>
		</dict>
		<key>DF761D7407B848BC94D856E4</key>
		<dict>
			<key>buildActionMask</key>
			<string>2147483647</string>
			<key>files</key>
			<array/>
			<key>inputPaths</key>
			<array/>
			<key>isa</key>
			<string>PBXShellScriptBuildPhase</string>
			<key>name</key>
			<string>Copy Pods Resources</string>
			<key>outputPaths</key>
			<array/>
			<key>runOnlyForDeploymentPostprocessing</key>
			<string>0</string>
			<key>shellPath</key>
			<string>/bin/sh</string>
			<key>shellScript</key>
			<string>"${SRCROOT}/Pods/Pods-resources.sh"
</string>
		</dict>
	</dict>
	<key>rootObject</key>
	<string>9016EF1C155CA3E50040E9D1</string>
</dict>
</plist>
